
Microsoft Visual Studio Solution File, Format Version 12.00
# Visual Studio Version 16
VisualStudioVersion = 16.0.34301.259
MinimumVisualStudioVersion = 10.0.40219.1
Project("{2150E333-8FDC-42A3-9474-1A3956D46DE8}") = "Task0", "Task0", "{9467AC1A-872B-4D7E-B1B4-EC737B236382}"
EndProject
Project("{2150E333-8FDC-42A3-9474-1A3956D46DE8}") = "Task1", "Task1", "{9B8E3299-6966-4677-BF0B-E3A957EAA56C}"
EndProject
Project("{2150E333-8FDC-42A3-9474-1A3956D46DE8}") = "Task2", "Task2", "{4F4A919E-02CF-43FE-BA7F-6CBB8C955444}"
EndProject
Project("{2150E333-8FDC-42A3-9474-1A3956D46DE8}") = "Task3", "Task3", "{4A1B052E-4D77-45B0-AD7F-33F04D1656A3}"
EndProject
Project("{2150E333-8FDC-42A3-9474-1A3956D46DE8}") = "Task4", "Task4", "{4025EDE2-6268-4FD4-A4CC-0524FA981317}"
EndProject
Project("{2150E333-8FDC-42A3-9474-1A3956D46DE8}") = "Task5", "Task5", "{87F0EE7A-CFCC-46BF-AE7E-DCDD66AE4209}"
EndProject
Project("{2150E333-8FDC-42A3-9474-1A3956D46DE8}") = "Task6", "Task6", "{8E54F63F-AFC3-4A78-A6F7-55F7BB8BEDC3}"
EndProject
Project("{2150E333-8FDC-42A3-9474-1A3956D46DE8}") = "Task7", "Task7", "{0DED8933-9815-4189-A8F3-66CD1AC1D01A}"
EndProject
Project("{FAE04EC0-301F-11D3-BF4B-00C04F79EFBC}") = "Tyuiu.GunbinNA.Sprint1.Task0.V22", "Tyuiu.GunbinNA.Sprint1.Task0.V22\Tyuiu.GunbinNA.Sprint1.Task0.V22.csproj", "{48D5918C-B24F-4B00-92D0-5309DD05972A}"
EndProject
Project("{FAE04EC0-301F-11D3-BF4B-00C04F79EFBC}") = "Tyuiu.GunbinNA.Sprint1.Task0.V22.Lib", "Tyuiu.GunbinNA.Sprint1.Task0.V22.Lib\Tyuiu.GunbinNA.Sprint1.Task0.V22.Lib.csproj", "{09943E86-21D9-47E8-ABCE-A711BA17AB09}"
EndProject
Project("{FAE04EC0-301F-11D3-BF4B-00C04F79EFBC}") = "Tyuiu.GunbinNA.Sprint1.Task0.V22.Test", "Tyuiu.GunbinNA.Sprint1.Task0.V22.Test\Tyuiu.GunbinNA.Sprint1.Task0.V22.Test.csproj", "{93B98B78-6B7A-438E-9083-A724EDB31F19}"
EndProject
Project("{FAE04EC0-301F-11D3-BF4B-00C04F79EFBC}") = "Tyuiu.GunbinNA.Sprint1.Task1.V4", "Tyuiu.GunbinNA.Sprint1.Task1.V4\Tyuiu.GunbinNA.Sprint1.Task1.V4.csproj", "{E63737E0-4231-458D-B8EB-39C439D6BB83}"
EndProject
Project("{FAE04EC0-301F-11D3-BF4B-00C04F79EFBC}") = "Tyuiu.GunbinNA.Sprint1.Task1.V4.Lib", "Tyuiu.GunbinNA.Sprint1.Task1.V4.Lib\Tyuiu.GunbinNA.Sprint1.Task1.V4.Lib.csproj", "{E70F8C54-0BCC-406E-A3EF-484288301666}"
EndProject
Project("{FAE04EC0-301F-11D3-BF4B-00C04F79EFBC}") = "Tyuiu.GunbinNA.Sprint1.Task1.V4.Test", "Tyuiu.GunbinNA.Sprint1.Task1.V4.Test\Tyuiu.GunbinNA.Sprint1.Task1.V4.Test.csproj", "{CA619B61-FF50-480B-B9A2-08505E6F3C8C}"
EndProject
Project("{FAE04EC0-301F-11D3-BF4B-00C04F79EFBC}") = "Tyuiu.GunbinNA.Sprint1.Task2.V11", "Tyuiu.GunbinNA.Sprint1.Task2.V11\Tyuiu.GunbinNA.Sprint1.Task2.V11.csproj", "{2699E02A-8527-45E8-838E-177049AD6471}"
EndProject
Project("{FAE04EC0-301F-11D3-BF4B-00C04F79EFBC}") = "Tyuiu.GunbinNA.Sprint1.Task2.V11.Lib", "Tyuiu.GunbinNA.Sprint1.Task2.V11.Lib\Tyuiu.GunbinNA.Sprint1.Task2.V11.Lib.csproj", "{20325288-35A3-44A1-A582-20C96EA20F5A}"
EndProject
Project("{FAE04EC0-301F-11D3-BF4B-00C04F79EFBC}") = "Tyuiu.GunbinNA.Sprint1.Task2.V11.Test", "Tyuiu.GunbinNA.Sprint1.Task2.V11.Test\Tyuiu.GunbinNA.Sprint1.Task2.V11.Test.csproj", "{F8E66559-177F-4A4E-BBFB-A387FBB76D0A}"
EndProject
Project("{FAE04EC0-301F-11D3-BF4B-00C04F79EFBC}") = "Tyuiu.GunbinNA.Sprint1.Task3.V1", "Tyuiu.GunbinNA.Sprint1.Task3.V1\Tyuiu.GunbinNA.Sprint1.Task3.V1.csproj", "{CD2CF091-6205-4C2A-B3C5-2D6AFD67925A}"
EndProject
Project("{FAE04EC0-301F-11D3-BF4B-00C04F79EFBC}") = "Tyuiu.GunbinNA.Sprint1.Task3.V1.Lib", "Tyuiu.GunbinNA.Sprint1.Task3.V1.Lib\Tyuiu.GunbinNA.Sprint1.Task3.V1.Lib.csproj", "{BBC09466-6CDA-4D49-9395-2ED3D0B84ADA}"
EndProject
Project("{FAE04EC0-301F-11D3-BF4B-00C04F79EFBC}") = "Tyuiu.GunbinNA.Sprint1.Task3.V1.Test", "Tyuiu.GunbinNA.Sprint1.Task3.V1.Test\Tyuiu.GunbinNA.Sprint1.Task3.V1.Test.csproj", "{C5D645E8-7019-47F1-BFD1-6E2E5B07918A}"
EndProject
Project("{FAE04EC0-301F-11D3-BF4B-00C04F79EFBC}") = "Tyuiu.GunbinNA.Sprint1.Task4.V5", "Tyuiu.GunbinNA.Sprint1.Task4.V5\Tyuiu.GunbinNA.Sprint1.Task4.V5.csproj", "{B9DF19A9-A338-43CD-B319-753C2DBF2C70}"
EndProject
Project("{FAE04EC0-301F-11D3-BF4B-00C04F79EFBC}") = "Tyuiu.GunbinNA.Sprint1.Task4.V5.Lib", "Tyuiu.GunbinNA.Sprint1.Task4.V5.Lib\Tyuiu.GunbinNA.Sprint1.Task4.V5.Lib.csproj", "{98CA1B4B-8C7F-446F-B3F0-CD712DFCF36B}"
EndProject
Project("{FAE04EC0-301F-11D3-BF4B-00C04F79EFBC}") = "Tyuiu.GunbinNA.Sprint1.Task4.V5.Test", "Tyuiu.GunbinNA.Sprint1.Task4.V5.Test\Tyuiu.GunbinNA.Sprint1.Task4.V5.Test.csproj", "{187D68D6-6C28-49BA-9293-B1F975D51FF9}"
EndProject
Project("{FAE04EC0-301F-11D3-BF4B-00C04F79EFBC}") = "Tyuiu.GunbinNA.Sprint1.Task5.V7", "Tyuiu.GunbinNA.Sprint1.Task5.V7\Tyuiu.GunbinNA.Sprint1.Task5.V7.csproj", "{E0C37F3F-C860-41D7-9836-B1235D5499D5}"
EndProject
Project("{FAE04EC0-301F-11D3-BF4B-00C04F79EFBC}") = "Tyuiu.GunbinNA.Sprint1.Task5.V7.Lib", "Tyuiu.GunbinNA.Sprint1.Task5.V7.Lib\Tyuiu.GunbinNA.Sprint1.Task5.V7.Lib.csproj", "{B462F9D5-DB91-4DC7-8EA6-958D3E1BECBC}"
EndProject
Project("{FAE04EC0-301F-11D3-BF4B-00C04F79EFBC}") = "Tyuiu.GunbinNA.Sprint1.Task5.V7.Test", "Tyuiu.GunbinNA.Sprint1.Task5.V7.Test\Tyuiu.GunbinNA.Sprint1.Task5.V7.Test.csproj", "{F1BA7732-8E66-485A-8DE0-868B1D4B4202}"
EndProject
Project("{FAE04EC0-301F-11D3-BF4B-00C04F79EFBC}") = "Tyuiu.GunbinNA.Sprint1.Task6.V7", "Tyuiu.GunbinNA.Sprint1.Task6.V7\Tyuiu.GunbinNA.Sprint1.Task6.V7.csproj", "{71136B59-F4EE-4584-975B-2D2A15BBEE95}"
EndProject
Project("{FAE04EC0-301F-11D3-BF4B-00C04F79EFBC}") = "Tyuiu.GunbinNA.Sprint1.Task6.V7.Lib", "Tyuiu.GunbinNA.Sprint1.Task6.V7.Lib\Tyuiu.GunbinNA.Sprint1.Task6.V7.Lib.csproj", "{C7E74444-7F2E-4C7C-A0B8-CC9BAC18DB80}"
EndProject
Project("{FAE04EC0-301F-11D3-BF4B-00C04F79EFBC}") = "Tyuiu.GunbinNA.Sprint1.Task6.V7.Test", "Tyuiu.GunbinNA.Sprint1.Task6.V7.Test\Tyuiu.GunbinNA.Sprint1.Task6.V7.Test.csproj", "{C290DECE-E199-4385-A670-026468E230B3}"
EndProject
Project("{FAE04EC0-301F-11D3-BF4B-00C04F79EFBC}") = "Tyuiu.GunbinNA.Sprint1.Task7.V13", "Tyuiu.GunbinNA.Sprint1.Task7.V13\Tyuiu.GunbinNA.Sprint1.Task7.V13.csproj", "{A8781F75-6127-4879-AABF-FD64DF0E4DB2}"
EndProject
Project("{FAE04EC0-301F-11D3-BF4B-00C04F79EFBC}") = "Tyuiu.GunbinNA.Sprint1.Task7.V13.Lib", "Tyuiu.GunbinNA.Sprint1.Task7.V13.Lib\Tyuiu.GunbinNA.Sprint1.Task7.V13.Lib.csproj", "{032257E7-FF2C-4A7C-A58F-173DA33071A0}"
EndProject
Project("{FAE04EC0-301F-11D3-BF4B-00C04F79EFBC}") = "Tyuiu.GunbinNA.Sprint1.Task7.V13.Test", "Tyuiu.GunbinNA.Sprint1.Task7.V13.Test\Tyuiu.GunbinNA.Sprint1.Task7.V13.Test.csproj", "{D2D45E84-EB69-4CD9-AD72-8D8BA5C5AACE}"
EndProject
Global
	GlobalSection(SolutionConfigurationPlatforms) = preSolution
		Debug|Any CPU = Debug|Any CPU
		Release|Any CPU = Release|Any CPU
	EndGlobalSection
	GlobalSection(ProjectConfigurationPlatforms) = postSolution
		{48D5918C-B24F-4B00-92D0-5309DD05972A}.Debug|Any CPU.ActiveCfg = Debug|Any CPU
		{48D5918C-B24F-4B00-92D0-5309DD05972A}.Debug|Any CPU.Build.0 = Debug|Any CPU
		{48D5918C-B24F-4B00-92D0-5309DD05972A}.Release|Any CPU.ActiveCfg = Release|Any CPU
		{48D5918C-B24F-4B00-92D0-5309DD05972A}.Release|Any CPU.Build.0 = Release|Any CPU
		{09943E86-21D9-47E8-ABCE-A711BA17AB09}.Debug|Any CPU.ActiveCfg = Debug|Any CPU
		{09943E86-21D9-47E8-ABCE-A711BA17AB09}.Debug|Any CPU.Build.0 = Debug|Any CPU
		{09943E86-21D9-47E8-ABCE-A711BA17AB09}.Release|Any CPU.ActiveCfg = Release|Any CPU
		{09943E86-21D9-47E8-ABCE-A711BA17AB09}.Release|Any CPU.Build.0 = Release|Any CPU
		{93B98B78-6B7A-438E-9083-A724EDB31F19}.Debug|Any CPU.ActiveCfg = Debug|Any CPU
		{93B98B78-6B7A-438E-9083-A724EDB31F19}.Debug|Any CPU.Build.0 = Debug|Any CPU
		{93B98B78-6B7A-438E-9083-A724EDB31F19}.Release|Any CPU.ActiveCfg = Release|Any CPU
		{93B98B78-6B7A-438E-9083-A724EDB31F19}.Release|Any CPU.Build.0 = Release|Any CPU
		{E63737E0-4231-458D-B8EB-39C439D6BB83}.Debug|Any CPU.ActiveCfg = Debug|Any CPU
		{E63737E0-4231-458D-B8EB-39C439D6BB83}.Debug|Any CPU.Build.0 = Debug|Any CPU
		{E63737E0-4231-458D-B8EB-39C439D6BB83}.Release|Any CPU.ActiveCfg = Release|Any CPU
		{E63737E0-4231-458D-B8EB-39C439D6BB83}.Release|Any CPU.Build.0 = Release|Any CPU
		{E70F8C54-0BCC-406E-A3EF-484288301666}.Debug|Any CPU.ActiveCfg = Debug|Any CPU
		{E70F8C54-0BCC-406E-A3EF-484288301666}.Debug|Any CPU.Build.0 = Debug|Any CPU
		{E70F8C54-0BCC-406E-A3EF-484288301666}.Release|Any CPU.ActiveCfg = Release|Any CPU
		{E70F8C54-0BCC-406E-A3EF-484288301666}.Release|Any CPU.Build.0 = Release|Any CPU
		{CA619B61-FF50-480B-B9A2-08505E6F3C8C}.Debug|Any CPU.ActiveCfg = Debug|Any CPU
		{CA619B61-FF50-480B-B9A2-08505E6F3C8C}.Debug|Any CPU.Build.0 = Debug|Any CPU
		{CA619B61-FF50-480B-B9A2-08505E6F3C8C}.Release|Any CPU.ActiveCfg = Release|Any CPU
		{CA619B61-FF50-480B-B9A2-08505E6F3C8C}.Release|Any CPU.Build.0 = Release|Any CPU
		{2699E02A-8527-45E8-838E-177049AD6471}.Debug|Any CPU.ActiveCfg = Debug|Any CPU
		{2699E02A-8527-45E8-838E-177049AD6471}.Debug|Any CPU.Build.0 = Debug|Any CPU
		{2699E02A-8527-45E8-838E-177049AD6471}.Release|Any CPU.ActiveCfg = Release|Any CPU
		{2699E02A-8527-45E8-838E-177049AD6471}.Release|Any CPU.Build.0 = Release|Any CPU
		{20325288-35A3-44A1-A582-20C96EA20F5A}.Debug|Any CPU.ActiveCfg = Debug|Any CPU
		{20325288-35A3-44A1-A582-20C96EA20F5A}.Debug|Any CPU.Build.0 = Debug|Any CPU
		{20325288-35A3-44A1-A582-20C96EA20F5A}.Release|Any CPU.ActiveCfg = Release|Any CPU
		{20325288-35A3-44A1-A582-20C96EA20F5A}.Release|Any CPU.Build.0 = Release|Any CPU
		{F8E66559-177F-4A4E-BBFB-A387FBB76D0A}.Debug|Any CPU.ActiveCfg = Debug|Any CPU
		{F8E66559-177F-4A4E-BBFB-A387FBB76D0A}.Debug|Any CPU.Build.0 = Debug|Any CPU
		{F8E66559-177F-4A4E-BBFB-A387FBB76D0A}.Release|Any CPU.ActiveCfg = Release|Any CPU
		{F8E66559-177F-4A4E-BBFB-A387FBB76D0A}.Release|Any CPU.Build.0 = Release|Any CPU
		{CD2CF091-6205-4C2A-B3C5-2D6AFD67925A}.Debug|Any CPU.ActiveCfg = Debug|Any CPU
		{CD2CF091-6205-4C2A-B3C5-2D6AFD67925A}.Debug|Any CPU.Build.0 = Debug|Any CPU
		{CD2CF091-6205-4C2A-B3C5-2D6AFD67925A}.Release|Any CPU.ActiveCfg = Release|Any CPU
		{CD2CF091-6205-4C2A-B3C5-2D6AFD67925A}.Release|Any CPU.Build.0 = Release|Any CPU
		{BBC09466-6CDA-4D49-9395-2ED3D0B84ADA}.Debug|Any CPU.ActiveCfg = Debug|Any CPU
		{BBC09466-6CDA-4D49-9395-2ED3D0B84ADA}.Debug|Any CPU.Build.0 = Debug|Any CPU
		{BBC09466-6CDA-4D49-9395-2ED3D0B84ADA}.Release|Any CPU.ActiveCfg = Release|Any CPU
		{BBC09466-6CDA-4D49-9395-2ED3D0B84ADA}.Release|Any CPU.Build.0 = Release|Any CPU
		{C5D645E8-7019-47F1-BFD1-6E2E5B07918A}.Debug|Any CPU.ActiveCfg = Debug|Any CPU
		{C5D645E8-7019-47F1-BFD1-6E2E5B07918A}.Debug|Any CPU.Build.0 = Debug|Any CPU
		{C5D645E8-7019-47F1-BFD1-6E2E5B07918A}.Release|Any CPU.ActiveCfg = Release|Any CPU
		{C5D645E8-7019-47F1-BFD1-6E2E5B07918A}.Release|Any CPU.Build.0 = Release|Any CPU
		{B9DF19A9-A338-43CD-B319-753C2DBF2C70}.Debug|Any CPU.ActiveCfg = Debug|Any CPU
		{B9DF19A9-A338-43CD-B319-753C2DBF2C70}.Debug|Any CPU.Build.0 = Debug|Any CPU
		{B9DF19A9-A338-43CD-B319-753C2DBF2C70}.Release|Any CPU.ActiveCfg = Release|Any CPU
		{B9DF19A9-A338-43CD-B319-753C2DBF2C70}.Release|Any CPU.Build.0 = Release|Any CPU
		{98CA1B4B-8C7F-446F-B3F0-CD712DFCF36B}.Debug|Any CPU.ActiveCfg = Debug|Any CPU
		{98CA1B4B-8C7F-446F-B3F0-CD712DFCF36B}.Debug|Any CPU.Build.0 = Debug|Any CPU
		{98CA1B4B-8C7F-446F-B3F0-CD712DFCF36B}.Release|Any CPU.ActiveCfg = Release|Any CPU
		{98CA1B4B-8C7F-446F-B3F0-CD712DFCF36B}.Release|Any CPU.Build.0 = Release|Any CPU
		{187D68D6-6C28-49BA-9293-B1F975D51FF9}.Debug|Any CPU.ActiveCfg = Debug|Any CPU
		{187D68D6-6C28-49BA-9293-B1F975D51FF9}.Debug|Any CPU.Build.0 = Debug|Any CPU
		{187D68D6-6C28-49BA-9293-B1F975D51FF9}.Release|Any CPU.ActiveCfg = Release|Any CPU
		{187D68D6-6C28-49BA-9293-B1F975D51FF9}.Release|Any CPU.Build.0 = Release|Any CPU
		{E0C37F3F-C860-41D7-9836-B1235D5499D5}.Debug|Any CPU.ActiveCfg = Debug|Any CPU
		{E0C37F3F-C860-41D7-9836-B1235D5499D5}.Debug|Any CPU.Build.0 = Debug|Any CPU
		{E0C37F3F-C860-41D7-9836-B1235D5499D5}.Release|Any CPU.ActiveCfg = Release|Any CPU
		{E0C37F3F-C860-41D7-9836-B1235D5499D5}.Release|Any CPU.Build.0 = Release|Any CPU
		{B462F9D5-DB91-4DC7-8EA6-958D3E1BECBC}.Debug|Any CPU.ActiveCfg = Debug|Any CPU
		{B462F9D5-DB91-4DC7-8EA6-958D3E1BECBC}.Debug|Any CPU.Build.0 = Debug|Any CPU
		{B462F9D5-DB91-4DC7-8EA6-958D3E1BECBC}.Release|Any CPU.ActiveCfg = Release|Any CPU
		{B462F9D5-DB91-4DC7-8EA6-958D3E1BECBC}.Release|Any CPU.Build.0 = Release|Any CPU
		{F1BA7732-8E66-485A-8DE0-868B1D4B4202}.Debug|Any CPU.ActiveCfg = Debug|Any CPU
		{F1BA7732-8E66-485A-8DE0-868B1D4B4202}.Debug|Any CPU.Build.0 = Debug|Any CPU
		{F1BA7732-8E66-485A-8DE0-868B1D4B4202}.Release|Any CPU.ActiveCfg = Release|Any CPU
		{F1BA7732-8E66-485A-8DE0-868B1D4B4202}.Release|Any CPU.Build.0 = Release|Any CPU
		{71136B59-F4EE-4584-975B-2D2A15BBEE95}.Debug|Any CPU.ActiveCfg = Debug|Any CPU
		{71136B59-F4EE-4584-975B-2D2A15BBEE95}.Debug|Any CPU.Build.0 = Debug|Any CPU
		{71136B59-F4EE-4584-975B-2D2A15BBEE95}.Release|Any CPU.ActiveCfg = Release|Any CPU
		{71136B59-F4EE-4584-975B-2D2A15BBEE95}.Release|Any CPU.Build.0 = Release|Any CPU
		{C7E74444-7F2E-4C7C-A0B8-CC9BAC18DB80}.Debug|Any CPU.ActiveCfg = Debug|Any CPU
		{C7E74444-7F2E-4C7C-A0B8-CC9BAC18DB80}.Debug|Any CPU.Build.0 = Debug|Any CPU
		{C7E74444-7F2E-4C7C-A0B8-CC9BAC18DB80}.Release|Any CPU.ActiveCfg = Release|Any CPU
		{C7E74444-7F2E-4C7C-A0B8-CC9BAC18DB80}.Release|Any CPU.Build.0 = Release|Any CPU
		{C290DECE-E199-4385-A670-026468E230B3}.Debug|Any CPU.ActiveCfg = Debug|Any CPU
		{C290DECE-E199-4385-A670-026468E230B3}.Debug|Any CPU.Build.0 = Debug|Any CPU
		{C290DECE-E199-4385-A670-026468E230B3}.Release|Any CPU.ActiveCfg = Release|Any CPU
		{C290DECE-E199-4385-A670-026468E230B3}.Release|Any CPU.Build.0 = Release|Any CPU
		{A8781F75-6127-4879-AABF-FD64DF0E4DB2}.Debug|Any CPU.ActiveCfg = Debug|Any CPU
		{A8781F75-6127-4879-AABF-FD64DF0E4DB2}.Debug|Any CPU.Build.0 = Debug|Any CPU
		{A8781F75-6127-4879-AABF-FD64DF0E4DB2}.Release|Any CPU.ActiveCfg = Release|Any CPU
		{A8781F75-6127-4879-AABF-FD64DF0E4DB2}.Release|Any CPU.Build.0 = Release|Any CPU
		{032257E7-FF2C-4A7C-A58F-173DA33071A0}.Debug|Any CPU.ActiveCfg = Debug|Any CPU
		{032257E7-FF2C-4A7C-A58F-173DA33071A0}.Debug|Any CPU.Build.0 = Debug|Any CPU
		{032257E7-FF2C-4A7C-A58F-173DA33071A0}.Release|Any CPU.ActiveCfg = Release|Any CPU
		{032257E7-FF2C-4A7C-A58F-173DA33071A0}.Release|Any CPU.Build.0 = Release|Any CPU
		{D2D45E84-EB69-4CD9-AD72-8D8BA5C5AACE}.Debug|Any CPU.ActiveCfg = Debug|Any CPU
		{D2D45E84-EB69-4CD9-AD72-8D8BA5C5AACE}.Debug|Any CPU.Build.0 = Debug|Any CPU
		{D2D45E84-EB69-4CD9-AD72-8D8BA5C5AACE}.Release|Any CPU.ActiveCfg = Release|Any CPU
		{D2D45E84-EB69-4CD9-AD72-8D8BA5C5AACE}.Release|Any CPU.Build.0 = Release|Any CPU
	EndGlobalSection
	GlobalSection(SolutionProperties) = preSolution
		HideSolutionNode = FALSE
	EndGlobalSection
	GlobalSection(NestedProjects) = preSolution
		{48D5918C-B24F-4B00-92D0-5309DD05972A} = {9467AC1A-872B-4D7E-B1B4-EC737B236382}
		{09943E86-21D9-47E8-ABCE-A711BA17AB09} = {9467AC1A-872B-4D7E-B1B4-EC737B236382}
		{93B98B78-6B7A-438E-9083-A724EDB31F19} = {9467AC1A-872B-4D7E-B1B4-EC737B236382}
		{E63737E0-4231-458D-B8EB-39C439D6BB83} = {9B8E3299-6966-4677-BF0B-E3A957EAA56C}
		{E70F8C54-0BCC-406E-A3EF-484288301666} = {9B8E3299-6966-4677-BF0B-E3A957EAA56C}
		{CA619B61-FF50-480B-B9A2-08505E6F3C8C} = {9B8E3299-6966-4677-BF0B-E3A957EAA56C}
		{2699E02A-8527-45E8-838E-177049AD6471} = {4F4A919E-02CF-43FE-BA7F-6CBB8C955444}
		{20325288-35A3-44A1-A582-20C96EA20F5A} = {4F4A919E-02CF-43FE-BA7F-6CBB8C955444}
		{F8E66559-177F-4A4E-BBFB-A387FBB76D0A} = {4F4A919E-02CF-43FE-BA7F-6CBB8C955444}
		{CD2CF091-6205-4C2A-B3C5-2D6AFD67925A} = {4A1B052E-4D77-45B0-AD7F-33F04D1656A3}
		{BBC09466-6CDA-4D49-9395-2ED3D0B84ADA} = {4A1B052E-4D77-45B0-AD7F-33F04D1656A3}
		{C5D645E8-7019-47F1-BFD1-6E2E5B07918A} = {4A1B052E-4D77-45B0-AD7F-33F04D1656A3}
		{B9DF19A9-A338-43CD-B319-753C2DBF2C70} = {4025EDE2-6268-4FD4-A4CC-0524FA981317}
		{98CA1B4B-8C7F-446F-B3F0-CD712DFCF36B} = {4025EDE2-6268-4FD4-A4CC-0524FA981317}
		{187D68D6-6C28-49BA-9293-B1F975D51FF9} = {4025EDE2-6268-4FD4-A4CC-0524FA981317}
		{E0C37F3F-C860-41D7-9836-B1235D5499D5} = {87F0EE7A-CFCC-46BF-AE7E-DCDD66AE4209}
		{B462F9D5-DB91-4DC7-8EA6-958D3E1BECBC} = {87F0EE7A-CFCC-46BF-AE7E-DCDD66AE4209}
		{F1BA7732-8E66-485A-8DE0-868B1D4B4202} = {87F0EE7A-CFCC-46BF-AE7E-DCDD66AE4209}
		{71136B59-F4EE-4584-975B-2D2A15BBEE95} = {8E54F63F-AFC3-4A78-A6F7-55F7BB8BEDC3}
		{C7E74444-7F2E-4C7C-A0B8-CC9BAC18DB80} = {8E54F63F-AFC3-4A78-A6F7-55F7BB8BEDC3}
		{C290DECE-E199-4385-A670-026468E230B3} = {8E54F63F-AFC3-4A78-A6F7-55F7BB8BEDC3}
		{A8781F75-6127-4879-AABF-FD64DF0E4DB2} = {0DED8933-9815-4189-A8F3-66CD1AC1D01A}
		{032257E7-FF2C-4A7C-A58F-173DA33071A0} = {0DED8933-9815-4189-A8F3-66CD1AC1D01A}
		{D2D45E84-EB69-4CD9-AD72-8D8BA5C5AACE} = {0DED8933-9815-4189-A8F3-66CD1AC1D01A}
	EndGlobalSection
	GlobalSection(ExtensibilityGlobals) = postSolution
		SolutionGuid = {48834FB6-DA97-4895-868A-CB13737C1A23}
	EndGlobalSection
EndGlobal
